// !$*UTF8*$!
{
	archiveVersion = 1;
	classes = {
	};
	objectVersion = 50;
	objects = {

/* Begin PBXBuildFile section */
		5153736E2321E185003D1D3A /* AddSemester.storyboard in Resources */ = {isa = PBXBuildFile; fileRef = 5153736D2321E185003D1D3A /* AddSemester.storyboard */; };
		515373702321E18E003D1D3A /* AddCourse.storyboard in Resources */ = {isa = PBXBuildFile; fileRef = 5153736F2321E18E003D1D3A /* AddCourse.storyboard */; };
		515373722321E196003D1D3A /* AddClass.storyboard in Resources */ = {isa = PBXBuildFile; fileRef = 515373712321E196003D1D3A /* AddClass.storyboard */; };
		515373742321E19C003D1D3A /* AddTask.storyboard in Resources */ = {isa = PBXBuildFile; fileRef = 515373732321E19C003D1D3A /* AddTask.storyboard */; };
		515373782321E1BD003D1D3A /* AddSemesterVC.swift in Sources */ = {isa = PBXBuildFile; fileRef = 515373772321E1BD003D1D3A /* AddSemesterVC.swift */; };
		5153737A2321E1CB003D1D3A /* AddCourseVC.swift in Sources */ = {isa = PBXBuildFile; fileRef = 515373792321E1CB003D1D3A /* AddCourseVC.swift */; };
		5153737C2321E1D3003D1D3A /* AddClassVC.swift in Sources */ = {isa = PBXBuildFile; fileRef = 5153737B2321E1D3003D1D3A /* AddClassVC.swift */; };
		5153737E2321E1DF003D1D3A /* AddTaskVC.swift in Sources */ = {isa = PBXBuildFile; fileRef = 5153737D2321E1DF003D1D3A /* AddTaskVC.swift */; };
		515373812321E28F003D1D3A /* WeekDaysCell.xib in Resources */ = {isa = PBXBuildFile; fileRef = 515373802321E28F003D1D3A /* WeekDaysCell.xib */; };
		515373832321E299003D1D3A /* CustomCells.swift in Sources */ = {isa = PBXBuildFile; fileRef = 515373822321E299003D1D3A /* CustomCells.swift */; };
		5159B0D6232C4C2900517164 /* FSCalendarCollectionView.m in Sources */ = {isa = PBXBuildFile; fileRef = 5159B0B6232C4C2900517164 /* FSCalendarCollectionView.m */; };
		5159B0D7232C4C2900517164 /* FSCalendarDelegationProxy.m in Sources */ = {isa = PBXBuildFile; fileRef = 5159B0B9232C4C2900517164 /* FSCalendarDelegationProxy.m */; };
		5159B0D8232C4C2900517164 /* FSCalendarDelegationFactory.m in Sources */ = {isa = PBXBuildFile; fileRef = 5159B0BB232C4C2900517164 /* FSCalendarDelegationFactory.m */; };
		5159B0D9232C4C2900517164 /* FSCalendarCell.m in Sources */ = {isa = PBXBuildFile; fileRef = 5159B0C2232C4C2900517164 /* FSCalendarCell.m */; };
		5159B0DA232C4C2900517164 /* FSCalendarStickyHeader.m in Sources */ = {isa = PBXBuildFile; fileRef = 5159B0C3232C4C2900517164 /* FSCalendarStickyHeader.m */; };
		5159B0DB232C4C2900517164 /* FSCalendar.m in Sources */ = {isa = PBXBuildFile; fileRef = 5159B0C4232C4C2900517164 /* FSCalendar.m */; };
		5159B0DC232C4C2900517164 /* FSCalendarCollectionViewLayout.m in Sources */ = {isa = PBXBuildFile; fileRef = 5159B0C5232C4C2900517164 /* FSCalendarCollectionViewLayout.m */; };
		5159B0DD232C4C2900517164 /* FSCalendarWeekdayView.m in Sources */ = {isa = PBXBuildFile; fileRef = 5159B0C6232C4C2900517164 /* FSCalendarWeekdayView.m */; };
		5159B0DE232C4C2900517164 /* FSCalendarSeparatorDecorationView.m in Sources */ = {isa = PBXBuildFile; fileRef = 5159B0C9232C4C2900517164 /* FSCalendarSeparatorDecorationView.m */; };
		5159B0DF232C4C2900517164 /* FSCalendarExtensions.m in Sources */ = {isa = PBXBuildFile; fileRef = 5159B0CB232C4C2900517164 /* FSCalendarExtensions.m */; };
		5159B0E0232C4C2900517164 /* FSCalendarConstants.m in Sources */ = {isa = PBXBuildFile; fileRef = 5159B0CD232C4C2900517164 /* FSCalendarConstants.m */; };
		5159B0E1232C4C2900517164 /* FSCalendarCalculator.m in Sources */ = {isa = PBXBuildFile; fileRef = 5159B0CE232C4C2900517164 /* FSCalendarCalculator.m */; };
		5159B0E2232C4C2900517164 /* FSCalendarHeaderView.m in Sources */ = {isa = PBXBuildFile; fileRef = 5159B0CF232C4C2900517164 /* FSCalendarHeaderView.m */; };
		5159B0E3232C4C2900517164 /* FSCalendarTransitionCoordinator.m in Sources */ = {isa = PBXBuildFile; fileRef = 5159B0D3232C4C2900517164 /* FSCalendarTransitionCoordinator.m */; };
		5159B0E4232C4C2900517164 /* Info.plist in Resources */ = {isa = PBXBuildFile; fileRef = 5159B0D4232C4C2900517164 /* Info.plist */; };
		5159B0E5232C4C2900517164 /* FSCalendarAppearance.m in Sources */ = {isa = PBXBuildFile; fileRef = 5159B0D5232C4C2900517164 /* FSCalendarAppearance.m */; };
		5159B0E7232C4C4D00517164 /* FSCalendar.framework in Frameworks */ = {isa = PBXBuildFile; fileRef = 5159B0E6232C4C4D00517164 /* FSCalendar.framework */; };
		5159B0E8232C4C4D00517164 /* FSCalendar.framework in Embed Frameworks */ = {isa = PBXBuildFile; fileRef = 5159B0E6232C4C4D00517164 /* FSCalendar.framework */; settings = {ATTRIBUTES = (CodeSignOnCopy, RemoveHeadersOnCopy, ); }; };
		51636823232F409900DBB0E7 /* Organization.storyboard in Resources */ = {isa = PBXBuildFile; fileRef = 51636822232F409900DBB0E7 /* Organization.storyboard */; };
		5163682C232F462200DBB0E7 /* AddMeeting.storyboard in Resources */ = {isa = PBXBuildFile; fileRef = 5163682B232F462200DBB0E7 /* AddMeeting.storyboard */; };
		51636830232FFF4400DBB0E7 /* OrganizationVC.swift in Sources */ = {isa = PBXBuildFile; fileRef = 5163682F232FFF4400DBB0E7 /* OrganizationVC.swift */; };
		51636832232FFFAA00DBB0E7 /* MeetingTVC.swift in Sources */ = {isa = PBXBuildFile; fileRef = 51636831232FFFAA00DBB0E7 /* MeetingTVC.swift */; };
		51636834232FFFB300DBB0E7 /* OTaskTVC.swift in Sources */ = {isa = PBXBuildFile; fileRef = 51636833232FFFB300DBB0E7 /* OTaskTVC.swift */; };
		51636836233000A400DBB0E7 /* AddMeetingVC.swift in Sources */ = {isa = PBXBuildFile; fileRef = 51636835233000A400DBB0E7 /* AddMeetingVC.swift */; };
		516368392330382600DBB0E7 /* Orgs.storyboard in Resources */ = {isa = PBXBuildFile; fileRef = 516368382330382600DBB0E7 /* Orgs.storyboard */; };
		5163683B2330383000DBB0E7 /* OrgsVC.swift in Sources */ = {isa = PBXBuildFile; fileRef = 5163683A2330383000DBB0E7 /* OrgsVC.swift */; };
		51636844233070F200DBB0E7 /* NotificationCenter.framework in Frameworks */ = {isa = PBXBuildFile; fileRef = 51636843233070F200DBB0E7 /* NotificationCenter.framework */; };
		51636847233070F200DBB0E7 /* TodayViewController.swift in Sources */ = {isa = PBXBuildFile; fileRef = 51636846233070F200DBB0E7 /* TodayViewController.swift */; };
		5163684A233070F200DBB0E7 /* MainInterface.storyboard in Resources */ = {isa = PBXBuildFile; fileRef = 51636848233070F200DBB0E7 /* MainInterface.storyboard */; };
		5163684E233070F200DBB0E7 /* UniBakla Widget.appex in Embed App Extensions */ = {isa = PBXBuildFile; fileRef = 51636842233070F200DBB0E7 /* UniBakla Widget.appex */; settings = {ATTRIBUTES = (RemoveHeadersOnCopy, ); }; };
		51636854233074F000DBB0E7 /* WidgetTVC.swift in Sources */ = {isa = PBXBuildFile; fileRef = 51636853233074F000DBB0E7 /* WidgetTVC.swift */; };
		5170BD2E232EBA7300E761D8 /* Organization.swift in Sources */ = {isa = PBXBuildFile; fileRef = 5170BD2D232EBA7300E761D8 /* Organization.swift */; };
		5170BD30232EBA7900E761D8 /* Meeting.swift in Sources */ = {isa = PBXBuildFile; fileRef = 5170BD2F232EBA7900E761D8 /* Meeting.swift */; };
		5170BD32232EBB6D00E761D8 /* OTask.swift in Sources */ = {isa = PBXBuildFile; fileRef = 5170BD31232EBB6D00E761D8 /* OTask.swift */; };
		5181A480232C52620068CFF5 /* CourseClass.swift in Sources */ = {isa = PBXBuildFile; fileRef = 5181A47F232C52620068CFF5 /* CourseClass.swift */; };
		5181A489232C5A380068CFF5 /* DashboardTVC.swift in Sources */ = {isa = PBXBuildFile; fileRef = 5181A488232C5A380068CFF5 /* DashboardTVC.swift */; };
		5181A48B232C5F850068CFF5 /* TableViewHelper.swift in Sources */ = {isa = PBXBuildFile; fileRef = 5181A48A232C5F850068CFF5 /* TableViewHelper.swift */; };
		5187F69A23138E6B0091AAE9 /* SemesterTVC.swift in Sources */ = {isa = PBXBuildFile; fileRef = 5187F69923138E6B0091AAE9 /* SemesterTVC.swift */; };
		5187F6A223138E7C0091AAE9 /* CourseTVC.swift in Sources */ = {isa = PBXBuildFile; fileRef = 5187F6A123138E7C0091AAE9 /* CourseTVC.swift */; };
		519EB5F5231A12E8008A3142 /* Navigation.storyboard in Resources */ = {isa = PBXBuildFile; fileRef = 519EB5F4231A12E8008A3142 /* Navigation.storyboard */; };
		51AF6C242313232200CD3068 /* AppDelegate.swift in Sources */ = {isa = PBXBuildFile; fileRef = 51AF6C232313232200CD3068 /* AppDelegate.swift */; };
		51AF6C2B2313232500CD3068 /* Assets.xcassets in Resources */ = {isa = PBXBuildFile; fileRef = 51AF6C2A2313232500CD3068 /* Assets.xcassets */; };
		51AF6C2E2313232500CD3068 /* LaunchScreen.storyboard in Resources */ = {isa = PBXBuildFile; fileRef = 51AF6C2C2313232500CD3068 /* LaunchScreen.storyboard */; };
		51AF6C552313235A00CD3068 /* UniversityDB.swift in Sources */ = {isa = PBXBuildFile; fileRef = 51AF6C542313235A00CD3068 /* UniversityDB.swift */; };
		51AF6C582313239D00CD3068 /* Semester.swift in Sources */ = {isa = PBXBuildFile; fileRef = 51AF6C572313239D00CD3068 /* Semester.swift */; };
		51AF6C5A231323A500CD3068 /* Course.swift in Sources */ = {isa = PBXBuildFile; fileRef = 51AF6C59231323A500CD3068 /* Course.swift */; };
		51AF6C5E2313243E00CD3068 /* Class.swift in Sources */ = {isa = PBXBuildFile; fileRef = 51AF6C5D2313243E00CD3068 /* Class.swift */; };
		51AF6C6123132FDC00CD3068 /* Academics.storyboard in Resources */ = {isa = PBXBuildFile; fileRef = 51AF6C6023132FDC00CD3068 /* Academics.storyboard */; };
		51AF6C6323132FF000CD3068 /* AcademicsVC.swift in Sources */ = {isa = PBXBuildFile; fileRef = 51AF6C6223132FF000CD3068 /* AcademicsVC.swift */; };
		51CDA320231833DF00141E85 /* CourseClassTVC.swift in Sources */ = {isa = PBXBuildFile; fileRef = 51CDA31F231833DF00141E85 /* CourseClassTVC.swift */; };
		51CDA3242318344900141E85 /* CourseAssignmentTVC.swift in Sources */ = {isa = PBXBuildFile; fileRef = 51CDA3232318344900141E85 /* CourseAssignmentTVC.swift */; };
		51D1B5082329B4FB006AF7ED /* SQLite.framework in Frameworks */ = {isa = PBXBuildFile; fileRef = 51D1B4FA2329B4AC006AF7ED /* SQLite.framework */; };
		51D1B5092329B500006AF7ED /* Eureka.framework in Frameworks */ = {isa = PBXBuildFile; fileRef = 51D1B4EC2329B49F006AF7ED /* Eureka.framework */; };
		51D1B50B2329B504006AF7ED /* Eureka.framework in Embed Frameworks */ = {isa = PBXBuildFile; fileRef = 51D1B4EC2329B49F006AF7ED /* Eureka.framework */; settings = {ATTRIBUTES = (CodeSignOnCopy, RemoveHeadersOnCopy, ); }; };
		51D1B50F2329B508006AF7ED /* SQLite.framework in Frameworks */ = {isa = PBXBuildFile; fileRef = 51D1B4FA2329B4AC006AF7ED /* SQLite.framework */; };
		51D1B5102329B508006AF7ED /* SQLite.framework in Embed Frameworks */ = {isa = PBXBuildFile; fileRef = 51D1B4FA2329B4AC006AF7ED /* SQLite.framework */; settings = {ATTRIBUTES = (CodeSignOnCopy, RemoveHeadersOnCopy, ); }; };
		51D1B5232329B858006AF7ED /* Colors.xcassets in Resources */ = {isa = PBXBuildFile; fileRef = 51D1B5192329B858006AF7ED /* Colors.xcassets */; };
		51D1B5242329B858006AF7ED /* Theme.swift in Sources */ = {isa = PBXBuildFile; fileRef = 51D1B51A2329B858006AF7ED /* Theme.swift */; };
		51E7641C23199E7400E199B2 /* Task.swift in Sources */ = {isa = PBXBuildFile; fileRef = 51E7641B23199E7400E199B2 /* Task.swift */; };
		51F119162329D1B30047ADFE /* TaskHeaderTVC.swift in Sources */ = {isa = PBXBuildFile; fileRef = 51F1190B2329D1B30047ADFE /* TaskHeaderTVC.swift */; };
		51F119172329D1B30047ADFE /* TaskTVC.swift in Sources */ = {isa = PBXBuildFile; fileRef = 51F1190C2329D1B30047ADFE /* TaskTVC.swift */; };
		51F119182329D1B30047ADFE /* TaskVC.swift in Sources */ = {isa = PBXBuildFile; fileRef = 51F1190D2329D1B30047ADFE /* TaskVC.swift */; };
		51F119192329D1B30047ADFE /* Task.storyboard in Resources */ = {isa = PBXBuildFile; fileRef = 51F1190E2329D1B30047ADFE /* Task.storyboard */; };
		51F1192D232A01000047ADFE /* Dashboard.storyboard in Resources */ = {isa = PBXBuildFile; fileRef = 51F1192C232A01000047ADFE /* Dashboard.storyboard */; };
		51F11965232A07390047ADFE /* DashboardVC.swift in Sources */ = {isa = PBXBuildFile; fileRef = 51F11964232A07390047ADFE /* DashboardVC.swift */; };
		51F5CDD823180B7D00C2C60C /* Course.storyboard in Resources */ = {isa = PBXBuildFile; fileRef = 51F5CDD723180B7D00C2C60C /* Course.storyboard */; };
		51F5CDDA23180B8800C2C60C /* CourseVC.swift in Sources */ = {isa = PBXBuildFile; fileRef = 51F5CDD923180B8800C2C60C /* CourseVC.swift */; };
/* End PBXBuildFile section */

/* Begin PBXContainerItemProxy section */
		5163684C233070F200DBB0E7 /* PBXContainerItemProxy */ = {
			isa = PBXContainerItemProxy;
			containerPortal = 51AF6C182313232200CD3068 /* Project object */;
			proxyType = 1;
			remoteGlobalIDString = 51636841233070F200DBB0E7;
			remoteInfo = "UniBakla Widget";
		};
		51D1B4EB2329B49F006AF7ED /* PBXContainerItemProxy */ = {
			isa = PBXContainerItemProxy;
			containerPortal = 51D1B4E62329B49F006AF7ED /* Eureka.xcodeproj */;
			proxyType = 2;
			remoteGlobalIDString = 51729DEB1B9A4F5E004A00EB;
			remoteInfo = Eureka;
		};
		51D1B4ED2329B49F006AF7ED /* PBXContainerItemProxy */ = {
			isa = PBXContainerItemProxy;
			containerPortal = 51D1B4E62329B49F006AF7ED /* Eureka.xcodeproj */;
			proxyType = 2;
			remoteGlobalIDString = 51729DF51B9A4F5E004A00EB;
			remoteInfo = EurekaTests;
		};
		51D1B4F92329B4AC006AF7ED /* PBXContainerItemProxy */ = {
			isa = PBXContainerItemProxy;
			containerPortal = 51D1B4EF2329B4AC006AF7ED /* SQLite.xcodeproj */;
			proxyType = 2;
			remoteGlobalIDString = EE247AD31C3F04ED00AE3E12;
			remoteInfo = "SQLite iOS";
		};
		51D1B4FB2329B4AC006AF7ED /* PBXContainerItemProxy */ = {
			isa = PBXContainerItemProxy;
			containerPortal = 51D1B4EF2329B4AC006AF7ED /* SQLite.xcodeproj */;
			proxyType = 2;
			remoteGlobalIDString = EE247ADD1C3F04ED00AE3E12;
			remoteInfo = "SQLiteTests iOS";
		};
		51D1B4FD2329B4AC006AF7ED /* PBXContainerItemProxy */ = {
			isa = PBXContainerItemProxy;
			containerPortal = 51D1B4EF2329B4AC006AF7ED /* SQLite.xcodeproj */;
			proxyType = 2;
			remoteGlobalIDString = EE247B3C1C3F3ED000AE3E12;
			remoteInfo = "SQLite Mac";
		};
		51D1B4FF2329B4AC006AF7ED /* PBXContainerItemProxy */ = {
			isa = PBXContainerItemProxy;
			containerPortal = 51D1B4EF2329B4AC006AF7ED /* SQLite.xcodeproj */;
			proxyType = 2;
			remoteGlobalIDString = EE247B451C3F3ED000AE3E12;
			remoteInfo = "SQLiteTests Mac";
		};
		51D1B5012329B4AC006AF7ED /* PBXContainerItemProxy */ = {
			isa = PBXContainerItemProxy;
			containerPortal = 51D1B4EF2329B4AC006AF7ED /* SQLite.xcodeproj */;
			proxyType = 2;
			remoteGlobalIDString = 03A65E5A1C6BB0F50062603F;
			remoteInfo = "SQLite tvOS";
		};
		51D1B5032329B4AC006AF7ED /* PBXContainerItemProxy */ = {
			isa = PBXContainerItemProxy;
			containerPortal = 51D1B4EF2329B4AC006AF7ED /* SQLite.xcodeproj */;
			proxyType = 2;
			remoteGlobalIDString = 03A65E631C6BB0F60062603F;
			remoteInfo = "SQLiteTests tvOS";
		};
		51D1B5052329B4AC006AF7ED /* PBXContainerItemProxy */ = {
			isa = PBXContainerItemProxy;
			containerPortal = 51D1B4EF2329B4AC006AF7ED /* SQLite.xcodeproj */;
			proxyType = 2;
			remoteGlobalIDString = A121AC451CA35C79005A31D1;
			remoteInfo = "SQLite watchOS";
		};
		51D1B50C2329B504006AF7ED /* PBXContainerItemProxy */ = {
			isa = PBXContainerItemProxy;
			containerPortal = 51D1B4E62329B49F006AF7ED /* Eureka.xcodeproj */;
			proxyType = 1;
			remoteGlobalIDString = 51729DEA1B9A4F5E004A00EB;
			remoteInfo = Eureka;
		};
		51D1B5112329B508006AF7ED /* PBXContainerItemProxy */ = {
			isa = PBXContainerItemProxy;
			containerPortal = 51D1B4EF2329B4AC006AF7ED /* SQLite.xcodeproj */;
			proxyType = 1;
			remoteGlobalIDString = EE247AD21C3F04ED00AE3E12;
			remoteInfo = "SQLite iOS";
		};
/* End PBXContainerItemProxy section */

/* Begin PBXCopyFilesBuildPhase section */
		51636852233070F200DBB0E7 /* Embed App Extensions */ = {
			isa = PBXCopyFilesBuildPhase;
			buildActionMask = 2147483647;
			dstPath = "";
			dstSubfolderSpec = 13;
			files = (
				5163684E233070F200DBB0E7 /* UniBakla Widget.appex in Embed App Extensions */,
			);
			name = "Embed App Extensions";
			runOnlyForDeploymentPostprocessing = 0;
		};
		51D1B50E2329B504006AF7ED /* Embed Frameworks */ = {
			isa = PBXCopyFilesBuildPhase;
			buildActionMask = 2147483647;
			dstPath = "";
			dstSubfolderSpec = 10;
			files = (
				51D1B5102329B508006AF7ED /* SQLite.framework in Embed Frameworks */,
				5159B0E8232C4C4D00517164 /* FSCalendar.framework in Embed Frameworks */,
				51D1B50B2329B504006AF7ED /* Eureka.framework in Embed Frameworks */,
			);
			name = "Embed Frameworks";
			runOnlyForDeploymentPostprocessing = 0;
		};
/* End PBXCopyFilesBuildPhase section */

/* Begin PBXFileReference section */
		5153736D2321E185003D1D3A /* AddSemester.storyboard */ = {isa = PBXFileReference; lastKnownFileType = file.storyboard; path = AddSemester.storyboard; sourceTree = "<group>"; };
		5153736F2321E18E003D1D3A /* AddCourse.storyboard */ = {isa = PBXFileReference; lastKnownFileType = file.storyboard; path = AddCourse.storyboard; sourceTree = "<group>"; };
		515373712321E196003D1D3A /* AddClass.storyboard */ = {isa = PBXFileReference; lastKnownFileType = file.storyboard; path = AddClass.storyboard; sourceTree = "<group>"; };
		515373732321E19C003D1D3A /* AddTask.storyboard */ = {isa = PBXFileReference; lastKnownFileType = file.storyboard; path = AddTask.storyboard; sourceTree = "<group>"; };
		515373772321E1BD003D1D3A /* AddSemesterVC.swift */ = {isa = PBXFileReference; lastKnownFileType = sourcecode.swift; path = AddSemesterVC.swift; sourceTree = "<group>"; };
		515373792321E1CB003D1D3A /* AddCourseVC.swift */ = {isa = PBXFileReference; lastKnownFileType = sourcecode.swift; path = AddCourseVC.swift; sourceTree = "<group>"; };
		5153737B2321E1D3003D1D3A /* AddClassVC.swift */ = {isa = PBXFileReference; lastKnownFileType = sourcecode.swift; path = AddClassVC.swift; sourceTree = "<group>"; };
		5153737D2321E1DF003D1D3A /* AddTaskVC.swift */ = {isa = PBXFileReference; lastKnownFileType = sourcecode.swift; path = AddTaskVC.swift; sourceTree = "<group>"; };
		515373802321E28F003D1D3A /* WeekDaysCell.xib */ = {isa = PBXFileReference; fileEncoding = 4; lastKnownFileType = file.xib; path = WeekDaysCell.xib; sourceTree = "<group>"; };
		515373822321E299003D1D3A /* CustomCells.swift */ = {isa = PBXFileReference; fileEncoding = 4; lastKnownFileType = sourcecode.swift; path = CustomCells.swift; sourceTree = "<group>"; };
		5159B0B6232C4C2900517164 /* FSCalendarCollectionView.m */ = {isa = PBXFileReference; fileEncoding = 4; lastKnownFileType = sourcecode.c.objc; path = FSCalendarCollectionView.m; sourceTree = "<group>"; };
		5159B0B7232C4C2900517164 /* FSCalendarWeekdayView.h */ = {isa = PBXFileReference; fileEncoding = 4; lastKnownFileType = sourcecode.c.h; path = FSCalendarWeekdayView.h; sourceTree = "<group>"; };
		5159B0B8232C4C2900517164 /* FSCalendarCollectionViewLayout.h */ = {isa = PBXFileReference; fileEncoding = 4; lastKnownFileType = sourcecode.c.h; path = FSCalendarCollectionViewLayout.h; sourceTree = "<group>"; };
		5159B0B9232C4C2900517164 /* FSCalendarDelegationProxy.m */ = {isa = PBXFileReference; fileEncoding = 4; lastKnownFileType = sourcecode.c.objc; path = FSCalendarDelegationProxy.m; sourceTree = "<group>"; };
		5159B0BA232C4C2900517164 /* FSCalendarExtensions.h */ = {isa = PBXFileReference; fileEncoding = 4; lastKnownFileType = sourcecode.c.h; path = FSCalendarExtensions.h; sourceTree = "<group>"; };
		5159B0BB232C4C2900517164 /* FSCalendarDelegationFactory.m */ = {isa = PBXFileReference; fileEncoding = 4; lastKnownFileType = sourcecode.c.objc; path = FSCalendarDelegationFactory.m; sourceTree = "<group>"; };
		5159B0BC232C4C2900517164 /* FSCalendarSeparatorDecorationView.h */ = {isa = PBXFileReference; fileEncoding = 4; lastKnownFileType = sourcecode.c.h; path = FSCalendarSeparatorDecorationView.h; sourceTree = "<group>"; };
		5159B0BD232C4C2900517164 /* FSCalendarCalculator.h */ = {isa = PBXFileReference; fileEncoding = 4; lastKnownFileType = sourcecode.c.h; path = FSCalendarCalculator.h; sourceTree = "<group>"; };
		5159B0BE232C4C2900517164 /* FSCalendarHeaderView.h */ = {isa = PBXFileReference; fileEncoding = 4; lastKnownFileType = sourcecode.c.h; path = FSCalendarHeaderView.h; sourceTree = "<group>"; };
		5159B0BF232C4C2900517164 /* FSCalendarConstants.h */ = {isa = PBXFileReference; fileEncoding = 4; lastKnownFileType = sourcecode.c.h; path = FSCalendarConstants.h; sourceTree = "<group>"; };
		5159B0C0232C4C2900517164 /* FSCalendarAppearance.h */ = {isa = PBXFileReference; fileEncoding = 4; lastKnownFileType = sourcecode.c.h; path = FSCalendarAppearance.h; sourceTree = "<group>"; };
		5159B0C1232C4C2900517164 /* FSCalendarTransitionCoordinator.h */ = {isa = PBXFileReference; fileEncoding = 4; lastKnownFileType = sourcecode.c.h; path = FSCalendarTransitionCoordinator.h; sourceTree = "<group>"; };
		5159B0C2232C4C2900517164 /* FSCalendarCell.m */ = {isa = PBXFileReference; fileEncoding = 4; lastKnownFileType = sourcecode.c.objc; path = FSCalendarCell.m; sourceTree = "<group>"; };
		5159B0C3232C4C2900517164 /* FSCalendarStickyHeader.m */ = {isa = PBXFileReference; fileEncoding = 4; lastKnownFileType = sourcecode.c.objc; path = FSCalendarStickyHeader.m; sourceTree = "<group>"; };
		5159B0C4232C4C2900517164 /* FSCalendar.m */ = {isa = PBXFileReference; fileEncoding = 4; lastKnownFileType = sourcecode.c.objc; path = FSCalendar.m; sourceTree = "<group>"; };
		5159B0C5232C4C2900517164 /* FSCalendarCollectionViewLayout.m */ = {isa = PBXFileReference; fileEncoding = 4; lastKnownFileType = sourcecode.c.objc; path = FSCalendarCollectionViewLayout.m; sourceTree = "<group>"; };
		5159B0C6232C4C2900517164 /* FSCalendarWeekdayView.m */ = {isa = PBXFileReference; fileEncoding = 4; lastKnownFileType = sourcecode.c.objc; path = FSCalendarWeekdayView.m; sourceTree = "<group>"; };
		5159B0C7232C4C2900517164 /* FSCalendarCollectionView.h */ = {isa = PBXFileReference; fileEncoding = 4; lastKnownFileType = sourcecode.c.h; path = FSCalendarCollectionView.h; sourceTree = "<group>"; };
		5159B0C8232C4C2900517164 /* FSCalendarDynamicHeader.h */ = {isa = PBXFileReference; fileEncoding = 4; lastKnownFileType = sourcecode.c.h; path = FSCalendarDynamicHeader.h; sourceTree = "<group>"; };
		5159B0C9232C4C2900517164 /* FSCalendarSeparatorDecorationView.m */ = {isa = PBXFileReference; fileEncoding = 4; lastKnownFileType = sourcecode.c.objc; path = FSCalendarSeparatorDecorationView.m; sourceTree = "<group>"; };
		5159B0CA232C4C2900517164 /* FSCalendarDelegationFactory.h */ = {isa = PBXFileReference; fileEncoding = 4; lastKnownFileType = sourcecode.c.h; path = FSCalendarDelegationFactory.h; sourceTree = "<group>"; };
		5159B0CB232C4C2900517164 /* FSCalendarExtensions.m */ = {isa = PBXFileReference; fileEncoding = 4; lastKnownFileType = sourcecode.c.objc; path = FSCalendarExtensions.m; sourceTree = "<group>"; };
		5159B0CC232C4C2900517164 /* FSCalendarDelegationProxy.h */ = {isa = PBXFileReference; fileEncoding = 4; lastKnownFileType = sourcecode.c.h; path = FSCalendarDelegationProxy.h; sourceTree = "<group>"; };
		5159B0CD232C4C2900517164 /* FSCalendarConstants.m */ = {isa = PBXFileReference; fileEncoding = 4; lastKnownFileType = sourcecode.c.objc; path = FSCalendarConstants.m; sourceTree = "<group>"; };
		5159B0CE232C4C2900517164 /* FSCalendarCalculator.m */ = {isa = PBXFileReference; fileEncoding = 4; lastKnownFileType = sourcecode.c.objc; path = FSCalendarCalculator.m; sourceTree = "<group>"; };
		5159B0CF232C4C2900517164 /* FSCalendarHeaderView.m */ = {isa = PBXFileReference; fileEncoding = 4; lastKnownFileType = sourcecode.c.objc; path = FSCalendarHeaderView.m; sourceTree = "<group>"; };
		5159B0D0232C4C2900517164 /* FSCalendarStickyHeader.h */ = {isa = PBXFileReference; fileEncoding = 4; lastKnownFileType = sourcecode.c.h; path = FSCalendarStickyHeader.h; sourceTree = "<group>"; };
		5159B0D1232C4C2900517164 /* FSCalendar.h */ = {isa = PBXFileReference; fileEncoding = 4; lastKnownFileType = sourcecode.c.h; path = FSCalendar.h; sourceTree = "<group>"; };
		5159B0D2232C4C2900517164 /* FSCalendarCell.h */ = {isa = PBXFileReference; fileEncoding = 4; lastKnownFileType = sourcecode.c.h; path = FSCalendarCell.h; sourceTree = "<group>"; };
		5159B0D3232C4C2900517164 /* FSCalendarTransitionCoordinator.m */ = {isa = PBXFileReference; fileEncoding = 4; lastKnownFileType = sourcecode.c.objc; path = FSCalendarTransitionCoordinator.m; sourceTree = "<group>"; };
		5159B0D4232C4C2900517164 /* Info.plist */ = {isa = PBXFileReference; fileEncoding = 4; lastKnownFileType = text.plist.xml; path = Info.plist; sourceTree = "<group>"; };
		5159B0D5232C4C2900517164 /* FSCalendarAppearance.m */ = {isa = PBXFileReference; fileEncoding = 4; lastKnownFileType = sourcecode.c.objc; path = FSCalendarAppearance.m; sourceTree = "<group>"; };
		5159B0E6232C4C4D00517164 /* FSCalendar.framework */ = {isa = PBXFileReference; lastKnownFileType = wrapper.framework; path = FSCalendar.framework; sourceTree = "<group>"; };
		51636822232F409900DBB0E7 /* Organization.storyboard */ = {isa = PBXFileReference; lastKnownFileType = file.storyboard; path = Organization.storyboard; sourceTree = "<group>"; };
		5163682B232F462200DBB0E7 /* AddMeeting.storyboard */ = {isa = PBXFileReference; lastKnownFileType = file.storyboard; path = AddMeeting.storyboard; sourceTree = "<group>"; };
		5163682F232FFF4400DBB0E7 /* OrganizationVC.swift */ = {isa = PBXFileReference; lastKnownFileType = sourcecode.swift; path = OrganizationVC.swift; sourceTree = "<group>"; };
		51636831232FFFAA00DBB0E7 /* MeetingTVC.swift */ = {isa = PBXFileReference; lastKnownFileType = sourcecode.swift; path = MeetingTVC.swift; sourceTree = "<group>"; };
		51636833232FFFB300DBB0E7 /* OTaskTVC.swift */ = {isa = PBXFileReference; lastKnownFileType = sourcecode.swift; path = OTaskTVC.swift; sourceTree = "<group>"; };
		51636835233000A400DBB0E7 /* AddMeetingVC.swift */ = {isa = PBXFileReference; lastKnownFileType = sourcecode.swift; path = AddMeetingVC.swift; sourceTree = "<group>"; };
		516368382330382600DBB0E7 /* Orgs.storyboard */ = {isa = PBXFileReference; lastKnownFileType = file.storyboard; path = Orgs.storyboard; sourceTree = "<group>"; };
		5163683A2330383000DBB0E7 /* OrgsVC.swift */ = {isa = PBXFileReference; lastKnownFileType = sourcecode.swift; path = OrgsVC.swift; sourceTree = "<group>"; };
		51636842233070F200DBB0E7 /* UniBakla Widget.appex */ = {isa = PBXFileReference; explicitFileType = "wrapper.app-extension"; includeInIndex = 0; path = "UniBakla Widget.appex"; sourceTree = BUILT_PRODUCTS_DIR; };
		51636843233070F200DBB0E7 /* NotificationCenter.framework */ = {isa = PBXFileReference; lastKnownFileType = wrapper.framework; name = NotificationCenter.framework; path = System/Library/Frameworks/NotificationCenter.framework; sourceTree = SDKROOT; };
		51636846233070F200DBB0E7 /* TodayViewController.swift */ = {isa = PBXFileReference; lastKnownFileType = sourcecode.swift; path = TodayViewController.swift; sourceTree = "<group>"; };
		51636849233070F200DBB0E7 /* Base */ = {isa = PBXFileReference; lastKnownFileType = file.storyboard; name = Base; path = Base.lproj/MainInterface.storyboard; sourceTree = "<group>"; };
		5163684B233070F200DBB0E7 /* Info.plist */ = {isa = PBXFileReference; lastKnownFileType = text.plist.xml; path = Info.plist; sourceTree = "<group>"; };
		51636853233074F000DBB0E7 /* WidgetTVC.swift */ = {isa = PBXFileReference; lastKnownFileType = sourcecode.swift; path = WidgetTVC.swift; sourceTree = "<group>"; };
		5170BD2D232EBA7300E761D8 /* Organization.swift */ = {isa = PBXFileReference; lastKnownFileType = sourcecode.swift; path = Organization.swift; sourceTree = "<group>"; };
		5170BD2F232EBA7900E761D8 /* Meeting.swift */ = {isa = PBXFileReference; lastKnownFileType = sourcecode.swift; path = Meeting.swift; sourceTree = "<group>"; };
		5170BD31232EBB6D00E761D8 /* OTask.swift */ = {isa = PBXFileReference; lastKnownFileType = sourcecode.swift; path = OTask.swift; sourceTree = "<group>"; };
		5181A47F232C52620068CFF5 /* CourseClass.swift */ = {isa = PBXFileReference; lastKnownFileType = sourcecode.swift; path = CourseClass.swift; sourceTree = "<group>"; };
		5181A488232C5A380068CFF5 /* DashboardTVC.swift */ = {isa = PBXFileReference; lastKnownFileType = sourcecode.swift; path = DashboardTVC.swift; sourceTree = "<group>"; };
		5181A48A232C5F850068CFF5 /* TableViewHelper.swift */ = {isa = PBXFileReference; lastKnownFileType = sourcecode.swift; path = TableViewHelper.swift; sourceTree = "<group>"; };
		5187F69923138E6B0091AAE9 /* SemesterTVC.swift */ = {isa = PBXFileReference; lastKnownFileType = sourcecode.swift; path = SemesterTVC.swift; sourceTree = "<group>"; };
		5187F6A123138E7C0091AAE9 /* CourseTVC.swift */ = {isa = PBXFileReference; lastKnownFileType = sourcecode.swift; path = CourseTVC.swift; sourceTree = "<group>"; };
		519EB5F4231A12E8008A3142 /* Navigation.storyboard */ = {isa = PBXFileReference; lastKnownFileType = file.storyboard; path = Navigation.storyboard; sourceTree = "<group>"; };
		51AF6C202313232200CD3068 /* University Application.app */ = {isa = PBXFileReference; explicitFileType = wrapper.application; includeInIndex = 0; path = "University Application.app"; sourceTree = BUILT_PRODUCTS_DIR; };
		51AF6C232313232200CD3068 /* AppDelegate.swift */ = {isa = PBXFileReference; lastKnownFileType = sourcecode.swift; path = AppDelegate.swift; sourceTree = "<group>"; };
		51AF6C2A2313232500CD3068 /* Assets.xcassets */ = {isa = PBXFileReference; lastKnownFileType = folder.assetcatalog; path = Assets.xcassets; sourceTree = "<group>"; };
		51AF6C2D2313232500CD3068 /* Base */ = {isa = PBXFileReference; lastKnownFileType = file.storyboard; name = Base; path = Base.lproj/LaunchScreen.storyboard; sourceTree = "<group>"; };
		51AF6C2F2313232500CD3068 /* Info.plist */ = {isa = PBXFileReference; lastKnownFileType = text.plist.xml; path = Info.plist; sourceTree = "<group>"; };
		51AF6C542313235A00CD3068 /* UniversityDB.swift */ = {isa = PBXFileReference; lastKnownFileType = sourcecode.swift; path = UniversityDB.swift; sourceTree = "<group>"; };
		51AF6C572313239D00CD3068 /* Semester.swift */ = {isa = PBXFileReference; lastKnownFileType = sourcecode.swift; path = Semester.swift; sourceTree = "<group>"; };
		51AF6C59231323A500CD3068 /* Course.swift */ = {isa = PBXFileReference; lastKnownFileType = sourcecode.swift; path = Course.swift; sourceTree = "<group>"; };
		51AF6C5D2313243E00CD3068 /* Class.swift */ = {isa = PBXFileReference; lastKnownFileType = sourcecode.swift; path = Class.swift; sourceTree = "<group>"; };
		51AF6C6023132FDC00CD3068 /* Academics.storyboard */ = {isa = PBXFileReference; lastKnownFileType = file.storyboard; path = Academics.storyboard; sourceTree = "<group>"; };
		51AF6C6223132FF000CD3068 /* AcademicsVC.swift */ = {isa = PBXFileReference; lastKnownFileType = sourcecode.swift; path = AcademicsVC.swift; sourceTree = "<group>"; };
		51CDA31F231833DF00141E85 /* CourseClassTVC.swift */ = {isa = PBXFileReference; lastKnownFileType = sourcecode.swift; path = CourseClassTVC.swift; sourceTree = "<group>"; };
		51CDA3232318344900141E85 /* CourseAssignmentTVC.swift */ = {isa = PBXFileReference; lastKnownFileType = sourcecode.swift; path = CourseAssignmentTVC.swift; sourceTree = "<group>"; };
		51D1B4E62329B49F006AF7ED /* Eureka.xcodeproj */ = {isa = PBXFileReference; lastKnownFileType = "wrapper.pb-project"; name = Eureka.xcodeproj; path = "../../Downloads/Eureka-master-2/Eureka.xcodeproj"; sourceTree = "<group>"; };
		51D1B4EF2329B4AC006AF7ED /* SQLite.xcodeproj */ = {isa = PBXFileReference; lastKnownFileType = "wrapper.pb-project"; name = SQLite.xcodeproj; path = "../../Downloads/SQLite.swift-master/SQLite.xcodeproj"; sourceTree = "<group>"; };
		51D1B5192329B858006AF7ED /* Colors.xcassets */ = {isa = PBXFileReference; lastKnownFileType = folder.assetcatalog; path = Colors.xcassets; sourceTree = "<group>"; };
		51D1B51A2329B858006AF7ED /* Theme.swift */ = {isa = PBXFileReference; fileEncoding = 4; lastKnownFileType = sourcecode.swift; path = Theme.swift; sourceTree = "<group>"; };
		51E7641B23199E7400E199B2 /* Task.swift */ = {isa = PBXFileReference; lastKnownFileType = sourcecode.swift; path = Task.swift; sourceTree = "<group>"; };
		51F1190B2329D1B30047ADFE /* TaskHeaderTVC.swift */ = {isa = PBXFileReference; fileEncoding = 4; lastKnownFileType = sourcecode.swift; path = TaskHeaderTVC.swift; sourceTree = "<group>"; };
		51F1190C2329D1B30047ADFE /* TaskTVC.swift */ = {isa = PBXFileReference; fileEncoding = 4; lastKnownFileType = sourcecode.swift; path = TaskTVC.swift; sourceTree = "<group>"; };
		51F1190D2329D1B30047ADFE /* TaskVC.swift */ = {isa = PBXFileReference; fileEncoding = 4; lastKnownFileType = sourcecode.swift; path = TaskVC.swift; sourceTree = "<group>"; };
		51F1190E2329D1B30047ADFE /* Task.storyboard */ = {isa = PBXFileReference; fileEncoding = 4; lastKnownFileType = file.storyboard; path = Task.storyboard; sourceTree = "<group>"; };
		51F1192C232A01000047ADFE /* Dashboard.storyboard */ = {isa = PBXFileReference; lastKnownFileType = file.storyboard; path = Dashboard.storyboard; sourceTree = "<group>"; };
		51F11964232A07390047ADFE /* DashboardVC.swift */ = {isa = PBXFileReference; lastKnownFileType = sourcecode.swift; path = DashboardVC.swift; sourceTree = "<group>"; };
		51F5CDD723180B7D00C2C60C /* Course.storyboard */ = {isa = PBXFileReference; lastKnownFileType = file.storyboard; path = Course.storyboard; sourceTree = "<group>"; };
		51F5CDD923180B8800C2C60C /* CourseVC.swift */ = {isa = PBXFileReference; lastKnownFileType = sourcecode.swift; path = CourseVC.swift; sourceTree = "<group>"; };
/* End PBXFileReference section */

/* Begin PBXFrameworksBuildPhase section */
		5163683F233070F200DBB0E7 /* Frameworks */ = {
			isa = PBXFrameworksBuildPhase;
			buildActionMask = 2147483647;
			files = (
				51636844233070F200DBB0E7 /* NotificationCenter.framework in Frameworks */,
			);
			runOnlyForDeploymentPostprocessing = 0;
		};
		51AF6C1D2313232200CD3068 /* Frameworks */ = {
			isa = PBXFrameworksBuildPhase;
			buildActionMask = 2147483647;
			files = (
				51D1B5092329B500006AF7ED /* Eureka.framework in Frameworks */,
				51D1B50F2329B508006AF7ED /* SQLite.framework in Frameworks */,
				51D1B5082329B4FB006AF7ED /* SQLite.framework in Frameworks */,
				5159B0E7232C4C4D00517164 /* FSCalendar.framework in Frameworks */,
			);
			runOnlyForDeploymentPostprocessing = 0;
		};
/* End PBXFrameworksBuildPhase section */

/* Begin PBXGroup section */
		515373692321E142003D1D3A /* AddSemester */ = {
			isa = PBXGroup;
			children = (
				5153736D2321E185003D1D3A /* AddSemester.storyboard */,
				515373772321E1BD003D1D3A /* AddSemesterVC.swift */,
			);
			path = AddSemester;
			sourceTree = "<group>";
		};
		5153736A2321E16A003D1D3A /* AddCourse */ = {
			isa = PBXGroup;
			children = (
				5153736F2321E18E003D1D3A /* AddCourse.storyboard */,
				515373792321E1CB003D1D3A /* AddCourseVC.swift */,
			);
			path = AddCourse;
			sourceTree = "<group>";
		};
		5153736B2321E16F003D1D3A /* AddClass */ = {
			isa = PBXGroup;
			children = (
				515373712321E196003D1D3A /* AddClass.storyboard */,
				5153737B2321E1D3003D1D3A /* AddClassVC.swift */,
			);
			path = AddClass;
			sourceTree = "<group>";
		};
		5153736C2321E175003D1D3A /* AddTask */ = {
			isa = PBXGroup;
			children = (
				515373732321E19C003D1D3A /* AddTask.storyboard */,
				5153737D2321E1DF003D1D3A /* AddTaskVC.swift */,
			);
			path = AddTask;
			sourceTree = "<group>";
		};
		5153737F2321E27E003D1D3A /* Extensions */ = {
			isa = PBXGroup;
			children = (
				515373822321E299003D1D3A /* CustomCells.swift */,
				515373802321E28F003D1D3A /* WeekDaysCell.xib */,
				5181A48A232C5F850068CFF5 /* TableViewHelper.swift */,
			);
			path = Extensions;
			sourceTree = "<group>";
		};
		5159B0B5232C4C2900517164 /* FSCalendar */ = {
			isa = PBXGroup;
			children = (
				5159B0B6232C4C2900517164 /* FSCalendarCollectionView.m */,
				5159B0B7232C4C2900517164 /* FSCalendarWeekdayView.h */,
				5159B0B8232C4C2900517164 /* FSCalendarCollectionViewLayout.h */,
				5159B0B9232C4C2900517164 /* FSCalendarDelegationProxy.m */,
				5159B0BA232C4C2900517164 /* FSCalendarExtensions.h */,
				5159B0BB232C4C2900517164 /* FSCalendarDelegationFactory.m */,
				5159B0BC232C4C2900517164 /* FSCalendarSeparatorDecorationView.h */,
				5159B0BD232C4C2900517164 /* FSCalendarCalculator.h */,
				5159B0BE232C4C2900517164 /* FSCalendarHeaderView.h */,
				5159B0BF232C4C2900517164 /* FSCalendarConstants.h */,
				5159B0C0232C4C2900517164 /* FSCalendarAppearance.h */,
				5159B0C1232C4C2900517164 /* FSCalendarTransitionCoordinator.h */,
				5159B0C2232C4C2900517164 /* FSCalendarCell.m */,
				5159B0C3232C4C2900517164 /* FSCalendarStickyHeader.m */,
				5159B0C4232C4C2900517164 /* FSCalendar.m */,
				5159B0C5232C4C2900517164 /* FSCalendarCollectionViewLayout.m */,
				5159B0C6232C4C2900517164 /* FSCalendarWeekdayView.m */,
				5159B0C7232C4C2900517164 /* FSCalendarCollectionView.h */,
				5159B0C8232C4C2900517164 /* FSCalendarDynamicHeader.h */,
				5159B0C9232C4C2900517164 /* FSCalendarSeparatorDecorationView.m */,
				5159B0CA232C4C2900517164 /* FSCalendarDelegationFactory.h */,
				5159B0CB232C4C2900517164 /* FSCalendarExtensions.m */,
				5159B0CC232C4C2900517164 /* FSCalendarDelegationProxy.h */,
				5159B0CD232C4C2900517164 /* FSCalendarConstants.m */,
				5159B0CE232C4C2900517164 /* FSCalendarCalculator.m */,
				5159B0CF232C4C2900517164 /* FSCalendarHeaderView.m */,
				5159B0D0232C4C2900517164 /* FSCalendarStickyHeader.h */,
				5159B0D1232C4C2900517164 /* FSCalendar.h */,
				5159B0D2232C4C2900517164 /* FSCalendarCell.h */,
				5159B0D3232C4C2900517164 /* FSCalendarTransitionCoordinator.m */,
				5159B0D4232C4C2900517164 /* Info.plist */,
				5159B0D5232C4C2900517164 /* FSCalendarAppearance.m */,
			);
			name = FSCalendar;
			path = "../../Downloads/FSCalendar-master-4/FSCalendar";
			sourceTree = "<group>";
		};
		516368372330381A00DBB0E7 /* Orgs */ = {
			isa = PBXGroup;
			children = (
				516368382330382600DBB0E7 /* Orgs.storyboard */,
				5163683A2330383000DBB0E7 /* OrgsVC.swift */,
			);
			path = Orgs;
			sourceTree = "<group>";
		};
		5163683C23303D9400DBB0E7 /* TBD */ = {
			isa = PBXGroup;
			children = (
				5163683D23303DB600DBB0E7 /* TBDModels */,
				516368372330381A00DBB0E7 /* Orgs */,
				5170BD2C232EBA4C00E761D8 /* Organization */,
				5170BD2B232EBA3300E761D8 /* AddOTask */,
				5170BD2A232EBA2800E761D8 /* AddMeeting */,
				5170BD22232EBA0100E761D8 /* AddOrganization */,
			);
			path = TBD;
			sourceTree = "<group>";
		};
		5163683D23303DB600DBB0E7 /* TBDModels */ = {
			isa = PBXGroup;
			children = (
				5170BD2D232EBA7300E761D8 /* Organization.swift */,
				5170BD2F232EBA7900E761D8 /* Meeting.swift */,
				5170BD31232EBB6D00E761D8 /* OTask.swift */,
			);
			path = TBDModels;
			sourceTree = "<group>";
		};
		51636845233070F200DBB0E7 /* UniBakla Widget */ = {
			isa = PBXGroup;
			children = (
				51636846233070F200DBB0E7 /* TodayViewController.swift */,
				51636848233070F200DBB0E7 /* MainInterface.storyboard */,
				5163684B233070F200DBB0E7 /* Info.plist */,
				51636853233074F000DBB0E7 /* WidgetTVC.swift */,
			);
			path = "UniBakla Widget";
			sourceTree = "<group>";
		};
		5170BD22232EBA0100E761D8 /* AddOrganization */ = {
			isa = PBXGroup;
			children = (
			);
			path = AddOrganization;
			sourceTree = "<group>";
		};
		5170BD2A232EBA2800E761D8 /* AddMeeting */ = {
			isa = PBXGroup;
			children = (
				5163682B232F462200DBB0E7 /* AddMeeting.storyboard */,
				51636835233000A400DBB0E7 /* AddMeetingVC.swift */,
			);
			path = AddMeeting;
			sourceTree = "<group>";
		};
		5170BD2B232EBA3300E761D8 /* AddOTask */ = {
			isa = PBXGroup;
			children = (
			);
			path = AddOTask;
			sourceTree = "<group>";
		};
		5170BD2C232EBA4C00E761D8 /* Organization */ = {
			isa = PBXGroup;
			children = (
				51636822232F409900DBB0E7 /* Organization.storyboard */,
				5163682F232FFF4400DBB0E7 /* OrganizationVC.swift */,
				51636831232FFFAA00DBB0E7 /* MeetingTVC.swift */,
				51636833232FFFB300DBB0E7 /* OTaskTVC.swift */,
			);
			path = Organization;
			sourceTree = "<group>";
		};
		519EB5F6231A12F2008A3142 /* Dashboard */ = {
			isa = PBXGroup;
			children = (
				51F1192C232A01000047ADFE /* Dashboard.storyboard */,
				51F11964232A07390047ADFE /* DashboardVC.swift */,
				5181A488232C5A380068CFF5 /* DashboardTVC.swift */,
			);
			path = Dashboard;
			sourceTree = "<group>";
		};
		51AF6C172313232200CD3068 = {
			isa = PBXGroup;
			children = (
				5159B0E6232C4C4D00517164 /* FSCalendar.framework */,
				51AF6C222313232200CD3068 /* University Application */,
				51636845233070F200DBB0E7 /* UniBakla Widget */,
				51AF6C212313232200CD3068 /* Products */,
				5159B0B5232C4C2900517164 /* FSCalendar */,
				51D1B4E62329B49F006AF7ED /* Eureka.xcodeproj */,
				51D1B4EF2329B4AC006AF7ED /* SQLite.xcodeproj */,
				51F1195F232A07090047ADFE /* Frameworks */,
			);
			sourceTree = "<group>";
		};
		51AF6C212313232200CD3068 /* Products */ = {
			isa = PBXGroup;
			children = (
				51AF6C202313232200CD3068 /* University Application.app */,
				51636842233070F200DBB0E7 /* UniBakla Widget.appex */,
			);
			name = Products;
			sourceTree = "<group>";
		};
		51AF6C222313232200CD3068 /* University Application */ = {
			isa = PBXGroup;
			children = (
				51D1B5172329B858006AF7ED /* Resources */,
				5153737F2321E27E003D1D3A /* Extensions */,
				51AF6C5C2313241C00CD3068 /* Database */,
				51AF6C5B231323DB00CD3068 /* Model */,
				51AF6C5F23132FBD00CD3068 /* View Controllers */,
				51AF6C2A2313232500CD3068 /* Assets.xcassets */,
				51AF6C232313232200CD3068 /* AppDelegate.swift */,
				51AF6C2C2313232500CD3068 /* LaunchScreen.storyboard */,
				51AF6C2F2313232500CD3068 /* Info.plist */,
			);
			path = "University Application";
			sourceTree = "<group>";
		};
		51AF6C5B231323DB00CD3068 /* Model */ = {
			isa = PBXGroup;
			children = (
				51AF6C572313239D00CD3068 /* Semester.swift */,
				51AF6C59231323A500CD3068 /* Course.swift */,
				51AF6C5D2313243E00CD3068 /* Class.swift */,
				51E7641B23199E7400E199B2 /* Task.swift */,
				5181A47F232C52620068CFF5 /* CourseClass.swift */,
			);
			path = Model;
			sourceTree = "<group>";
		};
		51AF6C5C2313241C00CD3068 /* Database */ = {
			isa = PBXGroup;
			children = (
				51AF6C542313235A00CD3068 /* UniversityDB.swift */,
			);
			path = Database;
			sourceTree = "<group>";
		};
		51AF6C5F23132FBD00CD3068 /* View Controllers */ = {
			isa = PBXGroup;
			children = (
				5163683C23303D9400DBB0E7 /* TBD */,
				519EB5F4231A12E8008A3142 /* Navigation.storyboard */,
				519EB5F6231A12F2008A3142 /* Dashboard */,
				51F1190A2329D1B30047ADFE /* Task */,
				51E9F7C723158848007ECDA8 /* Academics */,
				51F5CDD623180B7500C2C60C /* Course */,
				515373692321E142003D1D3A /* AddSemester */,
				5153736A2321E16A003D1D3A /* AddCourse */,
				5153736B2321E16F003D1D3A /* AddClass */,
				5153736C2321E175003D1D3A /* AddTask */,
			);
			path = "View Controllers";
			sourceTree = "<group>";
		};
		51D1B4E72329B49F006AF7ED /* Products */ = {
			isa = PBXGroup;
			children = (
				51D1B4EC2329B49F006AF7ED /* Eureka.framework */,
				51D1B4EE2329B49F006AF7ED /* EurekaTests.xctest */,
			);
			name = Products;
			sourceTree = "<group>";
		};
		51D1B4F02329B4AC006AF7ED /* Products */ = {
			isa = PBXGroup;
			children = (
				51D1B4FA2329B4AC006AF7ED /* SQLite.framework */,
				51D1B4FC2329B4AC006AF7ED /* SQLiteTests iOS.xctest */,
				51D1B4FE2329B4AC006AF7ED /* SQLite.framework */,
				51D1B5002329B4AC006AF7ED /* SQLiteTests Mac.xctest */,
				51D1B5022329B4AC006AF7ED /* SQLite.framework */,
				51D1B5042329B4AC006AF7ED /* SQLiteTests tvOS.xctest */,
				51D1B5062329B4AC006AF7ED /* SQLite.framework */,
			);
			name = Products;
			sourceTree = "<group>";
		};
		51D1B5172329B858006AF7ED /* Resources */ = {
			isa = PBXGroup;
			children = (
				51D1B5192329B858006AF7ED /* Colors.xcassets */,
				51D1B51A2329B858006AF7ED /* Theme.swift */,
			);
			name = Resources;
			path = "../../Side Projects/iPhone Dev/Univ/Univ/Resources";
			sourceTree = "<group>";
		};
		51E9F7C723158848007ECDA8 /* Academics */ = {
			isa = PBXGroup;
			children = (
				51AF6C6023132FDC00CD3068 /* Academics.storyboard */,
				51AF6C6223132FF000CD3068 /* AcademicsVC.swift */,
				5187F6A123138E7C0091AAE9 /* CourseTVC.swift */,
				5187F69923138E6B0091AAE9 /* SemesterTVC.swift */,
			);
			path = Academics;
			sourceTree = "<group>";
		};
		51F1190A2329D1B30047ADFE /* Task */ = {
			isa = PBXGroup;
			children = (
				51F1190E2329D1B30047ADFE /* Task.storyboard */,
				51F1190D2329D1B30047ADFE /* TaskVC.swift */,
				51F1190C2329D1B30047ADFE /* TaskTVC.swift */,
				51F1190B2329D1B30047ADFE /* TaskHeaderTVC.swift */,
			);
			path = Task;
			sourceTree = "<group>";
		};
		51F1195F232A07090047ADFE /* Frameworks */ = {
			isa = PBXGroup;
			children = (
				51636843233070F200DBB0E7 /* NotificationCenter.framework */,
			);
			name = Frameworks;
			sourceTree = "<group>";
		};
		51F5CDD623180B7500C2C60C /* Course */ = {
			isa = PBXGroup;
			children = (
				51F5CDD723180B7D00C2C60C /* Course.storyboard */,
				51F5CDD923180B8800C2C60C /* CourseVC.swift */,
				51CDA31F231833DF00141E85 /* CourseClassTVC.swift */,
				51CDA3232318344900141E85 /* CourseAssignmentTVC.swift */,
			);
			path = Course;
			sourceTree = "<group>";
		};
/* End PBXGroup section */

/* Begin PBXNativeTarget section */
		51636841233070F200DBB0E7 /* UniBakla Widget */ = {
			isa = PBXNativeTarget;
			buildConfigurationList = 5163684F233070F200DBB0E7 /* Build configuration list for PBXNativeTarget "UniBakla Widget" */;
			buildPhases = (
				5163683E233070F200DBB0E7 /* Sources */,
				5163683F233070F200DBB0E7 /* Frameworks */,
				51636840233070F200DBB0E7 /* Resources */,
			);
			buildRules = (
			);
			dependencies = (
			);
			name = "UniBakla Widget";
			productName = "UniBakla Widget";
			productReference = 51636842233070F200DBB0E7 /* UniBakla Widget.appex */;
			productType = "com.apple.product-type.app-extension";
		};
		51AF6C1F2313232200CD3068 /* University Application */ = {
			isa = PBXNativeTarget;
			buildConfigurationList = 51AF6C322313232500CD3068 /* Build configuration list for PBXNativeTarget "University Application" */;
			buildPhases = (
				51AF6C1C2313232200CD3068 /* Sources */,
				51AF6C1D2313232200CD3068 /* Frameworks */,
				51AF6C1E2313232200CD3068 /* Resources */,
				51D1B50E2329B504006AF7ED /* Embed Frameworks */,
				5103D43C232A0AA8004CB033 /* ShellScript */,
				51636852233070F200DBB0E7 /* Embed App Extensions */,
			);
			buildRules = (
			);
			dependencies = (
				51D1B50D2329B504006AF7ED /* PBXTargetDependency */,
				51D1B5122329B508006AF7ED /* PBXTargetDependency */,
				5163684D233070F200DBB0E7 /* PBXTargetDependency */,
			);
			name = "University Application";
			productName = "University Application";
			productReference = 51AF6C202313232200CD3068 /* University Application.app */;
			productType = "com.apple.product-type.application";
		};
/* End PBXNativeTarget section */

/* Begin PBXProject section */
		51AF6C182313232200CD3068 /* Project object */ = {
			isa = PBXProject;
			attributes = {
				DefaultBuildSystemTypeForWorkspace = Original;
				LastSwiftUpdateCheck = 1030;
				LastUpgradeCheck = 1010;
				ORGANIZATIONNAME = "Jason Yeoh";
				TargetAttributes = {
					51636841233070F200DBB0E7 = {
						CreatedOnToolsVersion = 10.3;
					};
					51AF6C1F2313232200CD3068 = {
						CreatedOnToolsVersion = 10.1;
					};
				};
			};
			buildConfigurationList = 51AF6C1B2313232200CD3068 /* Build configuration list for PBXProject "University Application" */;
			compatibilityVersion = "Xcode 9.3";
			developmentRegion = en;
			hasScannedForEncodings = 0;
			knownRegions = (
				en,
				Base,
			);
			mainGroup = 51AF6C172313232200CD3068;
			productRefGroup = 51AF6C212313232200CD3068 /* Products */;
			projectDirPath = "";
			projectReferences = (
				{
					ProductGroup = 51D1B4E72329B49F006AF7ED /* Products */;
					ProjectRef = 51D1B4E62329B49F006AF7ED /* Eureka.xcodeproj */;
				},
				{
					ProductGroup = 51D1B4F02329B4AC006AF7ED /* Products */;
					ProjectRef = 51D1B4EF2329B4AC006AF7ED /* SQLite.xcodeproj */;
				},
			);
			projectRoot = "";
			targets = (
				51AF6C1F2313232200CD3068 /* University Application */,
				51636841233070F200DBB0E7 /* UniBakla Widget */,
			);
		};
/* End PBXProject section */

/* Begin PBXReferenceProxy section */
		51D1B4EC2329B49F006AF7ED /* Eureka.framework */ = {
			isa = PBXReferenceProxy;
			fileType = wrapper.framework;
			path = Eureka.framework;
			remoteRef = 51D1B4EB2329B49F006AF7ED /* PBXContainerItemProxy */;
			sourceTree = BUILT_PRODUCTS_DIR;
		};
		51D1B4EE2329B49F006AF7ED /* EurekaTests.xctest */ = {
			isa = PBXReferenceProxy;
			fileType = wrapper.cfbundle;
			path = EurekaTests.xctest;
			remoteRef = 51D1B4ED2329B49F006AF7ED /* PBXContainerItemProxy */;
			sourceTree = BUILT_PRODUCTS_DIR;
		};
		51D1B4FA2329B4AC006AF7ED /* SQLite.framework */ = {
			isa = PBXReferenceProxy;
			fileType = wrapper.framework;
			path = SQLite.framework;
			remoteRef = 51D1B4F92329B4AC006AF7ED /* PBXContainerItemProxy */;
			sourceTree = BUILT_PRODUCTS_DIR;
		};
		51D1B4FC2329B4AC006AF7ED /* SQLiteTests iOS.xctest */ = {
			isa = PBXReferenceProxy;
			fileType = wrapper.cfbundle;
			path = "SQLiteTests iOS.xctest";
			remoteRef = 51D1B4FB2329B4AC006AF7ED /* PBXContainerItemProxy */;
			sourceTree = BUILT_PRODUCTS_DIR;
		};
		51D1B4FE2329B4AC006AF7ED /* SQLite.framework */ = {
			isa = PBXReferenceProxy;
			fileType = wrapper.framework;
			path = SQLite.framework;
			remoteRef = 51D1B4FD2329B4AC006AF7ED /* PBXContainerItemProxy */;
			sourceTree = BUILT_PRODUCTS_DIR;
		};
		51D1B5002329B4AC006AF7ED /* SQLiteTests Mac.xctest */ = {
			isa = PBXReferenceProxy;
			fileType = wrapper.cfbundle;
			path = "SQLiteTests Mac.xctest";
			remoteRef = 51D1B4FF2329B4AC006AF7ED /* PBXContainerItemProxy */;
			sourceTree = BUILT_PRODUCTS_DIR;
		};
		51D1B5022329B4AC006AF7ED /* SQLite.framework */ = {
			isa = PBXReferenceProxy;
			fileType = wrapper.framework;
			path = SQLite.framework;
			remoteRef = 51D1B5012329B4AC006AF7ED /* PBXContainerItemProxy */;
			sourceTree = BUILT_PRODUCTS_DIR;
		};
		51D1B5042329B4AC006AF7ED /* SQLiteTests tvOS.xctest */ = {
			isa = PBXReferenceProxy;
			fileType = wrapper.cfbundle;
			path = "SQLiteTests tvOS.xctest";
			remoteRef = 51D1B5032329B4AC006AF7ED /* PBXContainerItemProxy */;
			sourceTree = BUILT_PRODUCTS_DIR;
		};
		51D1B5062329B4AC006AF7ED /* SQLite.framework */ = {
			isa = PBXReferenceProxy;
			fileType = wrapper.framework;
			path = SQLite.framework;
			remoteRef = 51D1B5052329B4AC006AF7ED /* PBXContainerItemProxy */;
			sourceTree = BUILT_PRODUCTS_DIR;
		};
/* End PBXReferenceProxy section */

/* Begin PBXResourcesBuildPhase section */
		51636840233070F200DBB0E7 /* Resources */ = {
			isa = PBXResourcesBuildPhase;
			buildActionMask = 2147483647;
			files = (
				5163684A233070F200DBB0E7 /* MainInterface.storyboard in Resources */,
			);
			runOnlyForDeploymentPostprocessing = 0;
		};
		51AF6C1E2313232200CD3068 /* Resources */ = {
			isa = PBXResourcesBuildPhase;
			buildActionMask = 2147483647;
			files = (
				51AF6C6123132FDC00CD3068 /* Academics.storyboard in Resources */,
				51F119192329D1B30047ADFE /* Task.storyboard in Resources */,
				519EB5F5231A12E8008A3142 /* Navigation.storyboard in Resources */,
				515373812321E28F003D1D3A /* WeekDaysCell.xib in Resources */,
				51F1192D232A01000047ADFE /* Dashboard.storyboard in Resources */,
				51F5CDD823180B7D00C2C60C /* Course.storyboard in Resources */,
				5159B0E4232C4C2900517164 /* Info.plist in Resources */,
				515373722321E196003D1D3A /* AddClass.storyboard in Resources */,
				515373702321E18E003D1D3A /* AddCourse.storyboard in Resources */,
				51AF6C2E2313232500CD3068 /* LaunchScreen.storyboard in Resources */,
				51AF6C2B2313232500CD3068 /* Assets.xcassets in Resources */,
				51D1B5232329B858006AF7ED /* Colors.xcassets in Resources */,
				51636823232F409900DBB0E7 /* Organization.storyboard in Resources */,
				5153736E2321E185003D1D3A /* AddSemester.storyboard in Resources */,
				5163682C232F462200DBB0E7 /* AddMeeting.storyboard in Resources */,
				515373742321E19C003D1D3A /* AddTask.storyboard in Resources */,
				516368392330382600DBB0E7 /* Orgs.storyboard in Resources */,
			);
			runOnlyForDeploymentPostprocessing = 0;
		};
/* End PBXResourcesBuildPhase section */

/* Begin PBXShellScriptBuildPhase section */
		5103D43C232A0AA8004CB033 /* ShellScript */ = {
			isa = PBXShellScriptBuildPhase;
			buildActionMask = 12;
			files = (
			);
			inputFileListPaths = (
			);
			inputPaths = (
			);
			outputFileListPaths = (
			);
			outputPaths = (
			);
			runOnlyForDeploymentPostprocessing = 0;
			shellPath = /bin/sh;
			shellScript = "# Type a script or drag a script file from your workspace to insert its path.\n";
		};
/* End PBXShellScriptBuildPhase section */

/* Begin PBXSourcesBuildPhase section */
		5163683E233070F200DBB0E7 /* Sources */ = {
			isa = PBXSourcesBuildPhase;
			buildActionMask = 2147483647;
			files = (
				51636847233070F200DBB0E7 /* TodayViewController.swift in Sources */,
				51636854233074F000DBB0E7 /* WidgetTVC.swift in Sources */,
			);
			runOnlyForDeploymentPostprocessing = 0;
		};
		51AF6C1C2313232200CD3068 /* Sources */ = {
			isa = PBXSourcesBuildPhase;
			buildActionMask = 2147483647;
			files = (
				5159B0E5232C4C2900517164 /* FSCalendarAppearance.m in Sources */,
				5159B0DC232C4C2900517164 /* FSCalendarCollectionViewLayout.m in Sources */,
				51CDA320231833DF00141E85 /* CourseClassTVC.swift in Sources */,
				5181A48B232C5F850068CFF5 /* TableViewHelper.swift in Sources */,
				5159B0DA232C4C2900517164 /* FSCalendarStickyHeader.m in Sources */,
				51AF6C5E2313243E00CD3068 /* Class.swift in Sources */,
				51E7641C23199E7400E199B2 /* Task.swift in Sources */,
				5170BD30232EBA7900E761D8 /* Meeting.swift in Sources */,
				5181A489232C5A380068CFF5 /* DashboardTVC.swift in Sources */,
				51F119182329D1B30047ADFE /* TaskVC.swift in Sources */,
				5159B0D6232C4C2900517164 /* FSCalendarCollectionView.m in Sources */,
				5163683B2330383000DBB0E7 /* OrgsVC.swift in Sources */,
				5153737C2321E1D3003D1D3A /* AddClassVC.swift in Sources */,
				51AF6C552313235A00CD3068 /* UniversityDB.swift in Sources */,
				51636830232FFF4400DBB0E7 /* OrganizationVC.swift in Sources */,
				51CDA3242318344900141E85 /* CourseAssignmentTVC.swift in Sources */,
				5159B0DE232C4C2900517164 /* FSCalendarSeparatorDecorationView.m in Sources */,
				51F119162329D1B30047ADFE /* TaskHeaderTVC.swift in Sources */,
				51AF6C582313239D00CD3068 /* Semester.swift in Sources */,
				515373832321E299003D1D3A /* CustomCells.swift in Sources */,
				51AF6C6323132FF000CD3068 /* AcademicsVC.swift in Sources */,
				5187F69A23138E6B0091AAE9 /* SemesterTVC.swift in Sources */,
				5159B0D8232C4C2900517164 /* FSCalendarDelegationFactory.m in Sources */,
				515373782321E1BD003D1D3A /* AddSemesterVC.swift in Sources */,
				51F5CDDA23180B8800C2C60C /* CourseVC.swift in Sources */,
				51636836233000A400DBB0E7 /* AddMeetingVC.swift in Sources */,
				5159B0D7232C4C2900517164 /* FSCalendarDelegationProxy.m in Sources */,
				5159B0E1232C4C2900517164 /* FSCalendarCalculator.m in Sources */,
				5159B0E2232C4C2900517164 /* FSCalendarHeaderView.m in Sources */,
				5159B0E3232C4C2900517164 /* FSCalendarTransitionCoordinator.m in Sources */,
				5159B0DF232C4C2900517164 /* FSCalendarExtensions.m in Sources */,
				5181A480232C52620068CFF5 /* CourseClass.swift in Sources */,
				51AF6C5A231323A500CD3068 /* Course.swift in Sources */,
				51636834232FFFB300DBB0E7 /* OTaskTVC.swift in Sources */,
				51F11965232A07390047ADFE /* DashboardVC.swift in Sources */,
				5153737E2321E1DF003D1D3A /* AddTaskVC.swift in Sources */,
				51636832232FFFAA00DBB0E7 /* MeetingTVC.swift in Sources */,
				5159B0DD232C4C2900517164 /* FSCalendarWeekdayView.m in Sources */,
				5159B0E0232C4C2900517164 /* FSCalendarConstants.m in Sources */,
				5187F6A223138E7C0091AAE9 /* CourseTVC.swift in Sources */,
				5159B0DB232C4C2900517164 /* FSCalendar.m in Sources */,
				51F119172329D1B30047ADFE /* TaskTVC.swift in Sources */,
				5170BD2E232EBA7300E761D8 /* Organization.swift in Sources */,
				51D1B5242329B858006AF7ED /* Theme.swift in Sources */,
				51AF6C242313232200CD3068 /* AppDelegate.swift in Sources */,
				5159B0D9232C4C2900517164 /* FSCalendarCell.m in Sources */,
				5153737A2321E1CB003D1D3A /* AddCourseVC.swift in Sources */,
				5170BD32232EBB6D00E761D8 /* OTask.swift in Sources */,
			);
			runOnlyForDeploymentPostprocessing = 0;
		};
/* End PBXSourcesBuildPhase section */

/* Begin PBXTargetDependency section */
		5163684D233070F200DBB0E7 /* PBXTargetDependency */ = {
			isa = PBXTargetDependency;
			target = 51636841233070F200DBB0E7 /* UniBakla Widget */;
			targetProxy = 5163684C233070F200DBB0E7 /* PBXContainerItemProxy */;
		};
		51D1B50D2329B504006AF7ED /* PBXTargetDependency */ = {
			isa = PBXTargetDependency;
			name = Eureka;
			targetProxy = 51D1B50C2329B504006AF7ED /* PBXContainerItemProxy */;
		};
		51D1B5122329B508006AF7ED /* PBXTargetDependency */ = {
			isa = PBXTargetDependency;
			name = "SQLite iOS";
			targetProxy = 51D1B5112329B508006AF7ED /* PBXContainerItemProxy */;
		};
/* End PBXTargetDependency section */

/* Begin PBXVariantGroup section */
		51636848233070F200DBB0E7 /* MainInterface.storyboard */ = {
			isa = PBXVariantGroup;
			children = (
				51636849233070F200DBB0E7 /* Base */,
			);
			name = MainInterface.storyboard;
			sourceTree = "<group>";
		};
		51AF6C2C2313232500CD3068 /* LaunchScreen.storyboard */ = {
			isa = PBXVariantGroup;
			children = (
				51AF6C2D2313232500CD3068 /* Base */,
			);
			name = LaunchScreen.storyboard;
			sourceTree = "<group>";
		};
/* End PBXVariantGroup section */

/* Begin XCBuildConfiguration section */
		51636850233070F200DBB0E7 /* Debug */ = {
			isa = XCBuildConfiguration;
			buildSettings = {
				CODE_SIGN_STYLE = Automatic;
				DEVELOPMENT_TEAM = CP69FRGX9X;
				INFOPLIST_FILE = "UniBakla Widget/Info.plist";
				IPHONEOS_DEPLOYMENT_TARGET = 12.4;
				LD_RUNPATH_SEARCH_PATHS = (
					"$(inherited)",
					"@executable_path/Frameworks",
					"@executable_path/../../Frameworks",
				);
				PRODUCT_BUNDLE_IDENTIFIER = "com.jasonyeoh.University-Application.UniBakla-Widget";
				PRODUCT_NAME = "$(TARGET_NAME)";
				SKIP_INSTALL = YES;
				SWIFT_VERSION = 5.0;
				TARGETED_DEVICE_FAMILY = "1,2";
			};
			name = Debug;
		};
		51636851233070F200DBB0E7 /* Release */ = {
			isa = XCBuildConfiguration;
			buildSettings = {
				CODE_SIGN_STYLE = Automatic;
				DEVELOPMENT_TEAM = CP69FRGX9X;
				INFOPLIST_FILE = "UniBakla Widget/Info.plist";
				IPHONEOS_DEPLOYMENT_TARGET = 12.4;
				LD_RUNPATH_SEARCH_PATHS = (
					"$(inherited)",
					"@executable_path/Frameworks",
					"@executable_path/../../Frameworks",
				);
				PRODUCT_BUNDLE_IDENTIFIER = "com.jasonyeoh.University-Application.UniBakla-Widget";
				PRODUCT_NAME = "$(TARGET_NAME)";
				SKIP_INSTALL = YES;
				SWIFT_VERSION = 5.0;
				TARGETED_DEVICE_FAMILY = "1,2";
			};
			name = Release;
		};
		51AF6C302313232500CD3068 /* Debug */ = {
			isa = XCBuildConfiguration;
			buildSettings = {
				ALWAYS_SEARCH_USER_PATHS = NO;
				CLANG_ANALYZER_NONNULL = YES;
				CLANG_ANALYZER_NUMBER_OBJECT_CONVERSION = YES_AGGRESSIVE;
				CLANG_CXX_LANGUAGE_STANDARD = "gnu++14";
				CLANG_CXX_LIBRARY = "libc++";
				CLANG_ENABLE_MODULES = YES;
				CLANG_ENABLE_OBJC_ARC = YES;
				CLANG_ENABLE_OBJC_WEAK = YES;
				CLANG_WARN_BLOCK_CAPTURE_AUTORELEASING = YES;
				CLANG_WARN_BOOL_CONVERSION = YES;
				CLANG_WARN_COMMA = YES;
				CLANG_WARN_CONSTANT_CONVERSION = YES;
				CLANG_WARN_DEPRECATED_OBJC_IMPLEMENTATIONS = YES;
				CLANG_WARN_DIRECT_OBJC_ISA_USAGE = YES_ERROR;
				CLANG_WARN_DOCUMENTATION_COMMENTS = YES;
				CLANG_WARN_EMPTY_BODY = YES;
				CLANG_WARN_ENUM_CONVERSION = YES;
				CLANG_WARN_INFINITE_RECURSION = YES;
				CLANG_WARN_INT_CONVERSION = YES;
				CLANG_WARN_NON_LITERAL_NULL_CONVERSION = YES;
				CLANG_WARN_OBJC_IMPLICIT_RETAIN_SELF = YES;
				CLANG_WARN_OBJC_LITERAL_CONVERSION = YES;
				CLANG_WARN_OBJC_ROOT_CLASS = YES_ERROR;
				CLANG_WARN_RANGE_LOOP_ANALYSIS = YES;
				CLANG_WARN_STRICT_PROTOTYPES = YES;
				CLANG_WARN_SUSPICIOUS_MOVE = YES;
				CLANG_WARN_UNGUARDED_AVAILABILITY = YES_AGGRESSIVE;
				CLANG_WARN_UNREACHABLE_CODE = YES;
				CLANG_WARN__DUPLICATE_METHOD_MATCH = YES;
				CODE_SIGN_IDENTITY = "iPhone Developer";
				COPY_PHASE_STRIP = NO;
				DEBUG_INFORMATION_FORMAT = dwarf;
				ENABLE_STRICT_OBJC_MSGSEND = YES;
				ENABLE_TESTABILITY = YES;
				GCC_C_LANGUAGE_STANDARD = gnu11;
				GCC_DYNAMIC_NO_PIC = NO;
				GCC_NO_COMMON_BLOCKS = YES;
				GCC_OPTIMIZATION_LEVEL = 0;
				GCC_PREPROCESSOR_DEFINITIONS = (
					"DEBUG=1",
					"$(inherited)",
				);
				GCC_WARN_64_TO_32_BIT_CONVERSION = YES;
				GCC_WARN_ABOUT_RETURN_TYPE = YES_ERROR;
				GCC_WARN_UNDECLARED_SELECTOR = YES;
				GCC_WARN_UNINITIALIZED_AUTOS = YES_AGGRESSIVE;
				GCC_WARN_UNUSED_FUNCTION = YES;
				GCC_WARN_UNUSED_VARIABLE = YES;
				IPHONEOS_DEPLOYMENT_TARGET = 12.1;
				MTL_ENABLE_DEBUG_INFO = INCLUDE_SOURCE;
				MTL_FAST_MATH = YES;
				ONLY_ACTIVE_ARCH = YES;
				SDKROOT = iphoneos;
				SWIFT_ACTIVE_COMPILATION_CONDITIONS = DEBUG;
				SWIFT_OPTIMIZATION_LEVEL = "-Onone";
				SWIFT_VERSION = 4.2;
			};
			name = Debug;
		};
		51AF6C312313232500CD3068 /* Release */ = {
			isa = XCBuildConfiguration;
			buildSettings = {
				ALWAYS_SEARCH_USER_PATHS = NO;
				CLANG_ANALYZER_NONNULL = YES;
				CLANG_ANALYZER_NUMBER_OBJECT_CONVERSION = YES_AGGRESSIVE;
				CLANG_CXX_LANGUAGE_STANDARD = "gnu++14";
				CLANG_CXX_LIBRARY = "libc++";
				CLANG_ENABLE_MODULES = YES;
				CLANG_ENABLE_OBJC_ARC = YES;
				CLANG_ENABLE_OBJC_WEAK = YES;
				CLANG_WARN_BLOCK_CAPTURE_AUTORELEASING = YES;
				CLANG_WARN_BOOL_CONVERSION = YES;
				CLANG_WARN_COMMA = YES;
				CLANG_WARN_CONSTANT_CONVERSION = YES;
				CLANG_WARN_DEPRECATED_OBJC_IMPLEMENTATIONS = YES;
				CLANG_WARN_DIRECT_OBJC_ISA_USAGE = YES_ERROR;
				CLANG_WARN_DOCUMENTATION_COMMENTS = YES;
				CLANG_WARN_EMPTY_BODY = YES;
				CLANG_WARN_ENUM_CONVERSION = YES;
				CLANG_WARN_INFINITE_RECURSION = YES;
				CLANG_WARN_INT_CONVERSION = YES;
				CLANG_WARN_NON_LITERAL_NULL_CONVERSION = YES;
				CLANG_WARN_OBJC_IMPLICIT_RETAIN_SELF = YES;
				CLANG_WARN_OBJC_LITERAL_CONVERSION = YES;
				CLANG_WARN_OBJC_ROOT_CLASS = YES_ERROR;
				CLANG_WARN_RANGE_LOOP_ANALYSIS = YES;
				CLANG_WARN_STRICT_PROTOTYPES = YES;
				CLANG_WARN_SUSPICIOUS_MOVE = YES;
				CLANG_WARN_UNGUARDED_AVAILABILITY = YES_AGGRESSIVE;
				CLANG_WARN_UNREACHABLE_CODE = YES;
				CLANG_WARN__DUPLICATE_METHOD_MATCH = YES;
				CODE_SIGN_IDENTITY = "iPhone Developer";
				COPY_PHASE_STRIP = NO;
				DEBUG_INFORMATION_FORMAT = "dwarf-with-dsym";
				ENABLE_NS_ASSERTIONS = NO;
				ENABLE_STRICT_OBJC_MSGSEND = YES;
				GCC_C_LANGUAGE_STANDARD = gnu11;
				GCC_NO_COMMON_BLOCKS = YES;
				GCC_WARN_64_TO_32_BIT_CONVERSION = YES;
				GCC_WARN_ABOUT_RETURN_TYPE = YES_ERROR;
				GCC_WARN_UNDECLARED_SELECTOR = YES;
				GCC_WARN_UNINITIALIZED_AUTOS = YES_AGGRESSIVE;
				GCC_WARN_UNUSED_FUNCTION = YES;
				GCC_WARN_UNUSED_VARIABLE = YES;
				IPHONEOS_DEPLOYMENT_TARGET = 12.1;
				MTL_ENABLE_DEBUG_INFO = NO;
				MTL_FAST_MATH = YES;
				SDKROOT = iphoneos;
				SWIFT_COMPILATION_MODE = wholemodule;
				SWIFT_OPTIMIZATION_LEVEL = "-O";
				SWIFT_VERSION = 4.2;
				VALIDATE_PRODUCT = YES;
			};
			name = Release;
		};
		51AF6C332313232500CD3068 /* Debug */ = {
			isa = XCBuildConfiguration;
			buildSettings = {
				ALWAYS_EMBED_SWIFT_STANDARD_LIBRARIES = YES;
				ASSETCATALOG_COMPILER_APPICON_NAME = AppIcon;
				CODE_SIGN_STYLE = Automatic;
				DEVELOPMENT_TEAM = CP69FRGX9X;
				FRAMEWORK_SEARCH_PATHS = (
					"$(inherited)",
					"$(PROJECT_DIR)/Carthage/Build/iOS",
					"$(PROJECT_DIR)",
				);
				INFOPLIST_FILE = "University Application/Info.plist";
				IPHONEOS_DEPLOYMENT_TARGET = 12.0;
				LD_RUNPATH_SEARCH_PATHS = (
					"$(inherited)",
					"@executable_path/Frameworks",
				);
				PRODUCT_BUNDLE_IDENTIFIER = "com.jasonyeoh.University-Application";
				PRODUCT_NAME = "$(TARGET_NAME)";
				SWIFT_VERSION = 4.2;
				TARGETED_DEVICE_FAMILY = "1,2";
			};
			name = Debug;
		};
		51AF6C342313232500CD3068 /* Release */ = {
			isa = XCBuildConfiguration;
			buildSettings = {
				ALWAYS_EMBED_SWIFT_STANDARD_LIBRARIES = YES;
				ASSETCATALOG_COMPILER_APPICON_NAME = AppIcon;
				CODE_SIGN_STYLE = Automatic;
				DEVELOPMENT_TEAM = CP69FRGX9X;
				FRAMEWORK_SEARCH_PATHS = (
					"$(inherited)",
					"$(PROJECT_DIR)/Carthage/Build/iOS",
					"$(PROJECT_DIR)",
				);
				INFOPLIST_FILE = "University Application/Info.plist";
				IPHONEOS_DEPLOYMENT_TARGET = 12.0;
				LD_RUNPATH_SEARCH_PATHS = (
					"$(inherited)",
					"@executable_path/Frameworks",
				);
				PRODUCT_BUNDLE_IDENTIFIER = "com.jasonyeoh.University-Application";
				PRODUCT_NAME = "$(TARGET_NAME)";
				SWIFT_VERSION = 4.2;
				TARGETED_DEVICE_FAMILY = "1,2";
			};
			name = Release;
		};
/* End XCBuildConfiguration section */

/* Begin XCConfigurationList section */
		5163684F233070F200DBB0E7 /* Build configuration list for PBXNativeTarget "UniBakla Widget" */ = {
			isa = XCConfigurationList;
			buildConfigurations = (
				51636850233070F200DBB0E7 /* Debug */,
				51636851233070F200DBB0E7 /* Release */,
			);
			defaultConfigurationIsVisible = 0;
			defaultConfigurationName = Release;
		};
		51AF6C1B2313232200CD3068 /* Build configuration list for PBXProject "University Application" */ = {
			isa = XCConfigurationList;
			buildConfigurations = (
				51AF6C302313232500CD3068 /* Debug */,
				51AF6C312313232500CD3068 /* Release */,
			);
			defaultConfigurationIsVisible = 0;
			defaultConfigurationName = Release;
		};
		51AF6C322313232500CD3068 /* Build configuration list for PBXNativeTarget "University Application" */ = {
			isa = XCConfigurationList;
			buildConfigurations = (
				51AF6C332313232500CD3068 /* Debug */,
				51AF6C342313232500CD3068 /* Release */,
			);
			defaultConfigurationIsVisible = 0;
			defaultConfigurationName = Release;
		};
/* End XCConfigurationList section */
	};
	rootObject = 51AF6C182313232200CD3068 /* Project object */;
}
